
Microsoft Visual Studio Solution File, Format Version 12.00
# Visual Studio Version 17
VisualStudioVersion = 17.3.32922.545
MinimumVisualStudioVersion = 10.0.40219.1
Project("{9A19103F-16F7-4668-BE54-9A1E7A4F7556}") = "Product.Application", "Product.Application\Product.Application.csproj", "{969C25AA-0820-4364-8083-670B97E1AA8F}"
EndProject
Project("{9A19103F-16F7-4668-BE54-9A1E7A4F7556}") = "Product.Domain", "Product.Domain\Product.Domain.csproj", "{77AB2E30-F094-430E-A4F3-1F4D76B996F9}"
	ProjectSection(ProjectDependencies) = postProject
		{D6798234-B815-4AF1-9D6C-944F8554F82D} = {D6798234-B815-4AF1-9D6C-944F8554F82D}
	EndProjectSection
EndProject
Project("{9A19103F-16F7-4668-BE54-9A1E7A4F7556}") = "Product.Repository", "Product.Repository\Product.Repository.csproj", "{5CF3AF64-5A6E-4176-A814-FC01E2981DA2}"
EndProject
Project("{9A19103F-16F7-4668-BE54-9A1E7A4F7556}") = "Product.CrossCutting", "Product.CrossCutting\Product.CrossCutting.csproj", "{D6798234-B815-4AF1-9D6C-944F8554F82D}"
EndProject
Project("{9A19103F-16F7-4668-BE54-9A1E7A4F7556}") = "Product.Api", "Product.Api\Product.Api.csproj", "{1B0EFB78-7F88-433E-8E8A-D6E907496F93}"
EndProject
Global
	GlobalSection(SolutionConfigurationPlatforms) = preSolution
		Debug|Any CPU = Debug|Any CPU
		Release|Any CPU = Release|Any CPU
	EndGlobalSection
	GlobalSection(ProjectConfigurationPlatforms) = postSolution
		{969C25AA-0820-4364-8083-670B97E1AA8F}.Debug|Any CPU.ActiveCfg = Debug|Any CPU
		{969C25AA-0820-4364-8083-670B97E1AA8F}.Debug|Any CPU.Build.0 = Debug|Any CPU
		{969C25AA-0820-4364-8083-670B97E1AA8F}.Release|Any CPU.ActiveCfg = Release|Any CPU
		{969C25AA-0820-4364-8083-670B97E1AA8F}.Release|Any CPU.Build.0 = Release|Any CPU
		{77AB2E30-F094-430E-A4F3-1F4D76B996F9}.Debug|Any CPU.ActiveCfg = Debug|Any CPU
		{77AB2E30-F094-430E-A4F3-1F4D76B996F9}.Debug|Any CPU.Build.0 = Debug|Any CPU
		{77AB2E30-F094-430E-A4F3-1F4D76B996F9}.Release|Any CPU.ActiveCfg = Release|Any CPU
		{77AB2E30-F094-430E-A4F3-1F4D76B996F9}.Release|Any CPU.Build.0 = Release|Any CPU
		{5CF3AF64-5A6E-4176-A814-FC01E2981DA2}.Debug|Any CPU.ActiveCfg = Debug|Any CPU
		{5CF3AF64-5A6E-4176-A814-FC01E2981DA2}.Debug|Any CPU.Build.0 = Debug|Any CPU
		{5CF3AF64-5A6E-4176-A814-FC01E2981DA2}.Release|Any CPU.ActiveCfg = Release|Any CPU
		{5CF3AF64-5A6E-4176-A814-FC01E2981DA2}.Release|Any CPU.Build.0 = Release|Any CPU
		{D6798234-B815-4AF1-9D6C-944F8554F82D}.Debug|Any CPU.ActiveCfg = Debug|Any CPU
		{D6798234-B815-4AF1-9D6C-944F8554F82D}.Debug|Any CPU.Build.0 = Debug|Any CPU
		{D6798234-B815-4AF1-9D6C-944F8554F82D}.Release|Any CPU.ActiveCfg = Release|Any CPU
		{D6798234-B815-4AF1-9D6C-944F8554F82D}.Release|Any CPU.Build.0 = Release|Any CPU
		{1B0EFB78-7F88-433E-8E8A-D6E907496F93}.Debug|Any CPU.ActiveCfg = Debug|Any CPU
		{1B0EFB78-7F88-433E-8E8A-D6E907496F93}.Debug|Any CPU.Build.0 = Debug|Any CPU
		{1B0EFB78-7F88-433E-8E8A-D6E907496F93}.Release|Any CPU.ActiveCfg = Release|Any CPU
		{1B0EFB78-7F88-433E-8E8A-D6E907496F93}.Release|Any CPU.Build.0 = Release|Any CPU
	EndGlobalSection
	GlobalSection(SolutionProperties) = preSolution
		HideSolutionNode = FALSE
	EndGlobalSection
	GlobalSection(ExtensibilityGlobals) = postSolution
		SolutionGuid = {12A4E9B5-3F29-47D6-A2AC-13E66B003BC2}
	EndGlobalSection
EndGlobal
